{
  "originHash" : "07739d7862ea52ccf32ec29861248fe81fcf7df515f71cd3d4c57a637f4cbbcc",
  "pins" : [
    {
      "identity" : "cleeviocore",
      "kind" : "remoteSourceControl",
      "location" : "https://github.com/cleevio/CleevioCore.git",
      "state" : {
        "revision" : "9735bd620a882f7133f575dda79dc6e5930efe8e",
        "version" : "2.2.0"
      }
    },
    {
      "identity" : "floatingpanel",
      "kind" : "remoteSourceControl",
      "location" : "https://github.com/scenee/FloatingPanel",
      "state" : {
        "revision" : "1d2e3a0304d5d56bae7d0c0bb861921374390bb0",
        "version" : "2.8.8"
      }
    },
    {
      "identity" : "swift-collections",
      "kind" : "remoteSourceControl",
      "location" : "https://github.com/apple/swift-collections",
      "state" : {
        "revision" : "c1805596154bb3a265fd91b8ac0c4433b4348fb0",
        "version" : "1.2.0"
      }
    }
  ],
  "version" : 3
}
